
Microsoft Visual Studio Solution File, Format Version 12.00
# Visual Studio Version 16
VisualStudioVersion = 16.0.30907.101
MinimumVisualStudioVersion = 10.0.40219.1
Project("{FAE04EC0-301F-11D3-BF4B-00C04F79EFBC}") = "EX7A_Military", "EX7A_Military\EX7A_Military.csproj", "{135699DE-FE11-4289-8A86-3EB33D663CAE}"
EndProject
Global
	GlobalSection(SolutionConfigurationPlatforms) = preSolution
		Debug|Any CPU = Debug|Any CPU
		Release|Any CPU = Release|Any CPU
	EndGlobalSection
	GlobalSection(ProjectConfigurationPlatforms) = postSolution
		{135699DE-FE11-4289-8A86-3EB33D663CAE}.Debug|Any CPU.ActiveCfg = Debug|Any CPU
		{135699DE-FE11-4289-8A86-3EB33D663CAE}.Debug|Any CPU.Build.0 = Debug|Any CPU
		{135699DE-FE11-4289-8A86-3EB33D663CAE}.Release|Any CPU.ActiveCfg = Release|Any CPU
		{135699DE-FE11-4289-8A86-3EB33D663CAE}.Release|Any CPU.Build.0 = Release|Any CPU
	EndGlobalSection
	GlobalSection(SolutionProperties) = preSolution
		HideSolutionNode = FALSE
	EndGlobalSection
	GlobalSection(ExtensibilityGlobals) = postSolution
		SolutionGuid = {C2B356A7-72DA-4FAC-AC1D-98294252AB08}
	EndGlobalSection
EndGlobal
